
Microsoft Visual Studio Solution File, Format Version 12.00
# Visual Studio Version 16
VisualStudioVersion = 16.0.31410.357
MinimumVisualStudioVersion = 10.0.40219.1
Project("{FAE04EC0-301F-11D3-BF4B-00C04F79EFBC}") = "rocketpowers", "rocketpowers.csproj", "{929EB6E6-CD11-4358-8CDB-1938D0421CE9}"
EndProject
Project("{54435603-DBB4-11D2-8724-00A0C9A8B90C}") = "rocketpowersinstaller", "..\..\..\OneDrive\Área de Trabalho\rocketpowersinstaller\rocketpowersinstaller.vdproj", "{65C76C3F-A38A-4B90-86FA-D1CFA8E6F2C3}"
EndProject
Global
	GlobalSection(SolutionConfigurationPlatforms) = preSolution
		Debug|Any CPU = Debug|Any CPU
		Release|Any CPU = Release|Any CPU
	EndGlobalSection
	GlobalSection(ProjectConfigurationPlatforms) = postSolution
		{929EB6E6-CD11-4358-8CDB-1938D0421CE9}.Debug|Any CPU.ActiveCfg = Debug|Any CPU
		{929EB6E6-CD11-4358-8CDB-1938D0421CE9}.Debug|Any CPU.Build.0 = Debug|Any CPU
		{929EB6E6-CD11-4358-8CDB-1938D0421CE9}.Release|Any CPU.ActiveCfg = Release|Any CPU
		{929EB6E6-CD11-4358-8CDB-1938D0421CE9}.Release|Any CPU.Build.0 = Release|Any CPU
		{65C76C3F-A38A-4B90-86FA-D1CFA8E6F2C3}.Debug|Any CPU.ActiveCfg = Debug
		{65C76C3F-A38A-4B90-86FA-D1CFA8E6F2C3}.Release|Any CPU.ActiveCfg = Release
	EndGlobalSection
	GlobalSection(SolutionProperties) = preSolution
		HideSolutionNode = FALSE
	EndGlobalSection
	GlobalSection(ExtensibilityGlobals) = postSolution
		SolutionGuid = {9CE9A42E-7CA0-4F05-B01B-3539244B3DE2}
	EndGlobalSection
EndGlobal
